
Microsoft Visual Studio Solution File, Format Version 12.00
# Visual Studio Version 16
VisualStudioVersion = 16.0.30717.126
MinimumVisualStudioVersion = 10.0.40219.1
Project("{FAE04EC0-301F-11D3-BF4B-00C04F79EFBC}") = "EverythingSZ", "EverythingSZ\EverythingSZ.csproj", "{3A8A4F39-4909-4CC3-8B92-F579FAD224D3}"
EndProject
Project("{FAE04EC0-301F-11D3-BF4B-00C04F79EFBC}") = "WinFormUI", "WinFormUI\WinFormUI.csproj", "{5BEB5B1E-42D3-4229-A047-28E05B537E30}"
EndProject
Global
	GlobalSection(SolutionConfigurationPlatforms) = preSolution
		Debug|Any CPU = Debug|Any CPU
		Release|Any CPU = Release|Any CPU
	EndGlobalSection
	GlobalSection(ProjectConfigurationPlatforms) = postSolution
		{3A8A4F39-4909-4CC3-8B92-F579FAD224D3}.Debug|Any CPU.ActiveCfg = Debug|Any CPU
		{3A8A4F39-4909-4CC3-8B92-F579FAD224D3}.Debug|Any CPU.Build.0 = Debug|Any CPU
		{3A8A4F39-4909-4CC3-8B92-F579FAD224D3}.Release|Any CPU.ActiveCfg = Release|Any CPU
		{3A8A4F39-4909-4CC3-8B92-F579FAD224D3}.Release|Any CPU.Build.0 = Release|Any CPU
		{5BEB5B1E-42D3-4229-A047-28E05B537E30}.Debug|Any CPU.ActiveCfg = Debug|Any CPU
		{5BEB5B1E-42D3-4229-A047-28E05B537E30}.Debug|Any CPU.Build.0 = Debug|Any CPU
		{5BEB5B1E-42D3-4229-A047-28E05B537E30}.Release|Any CPU.ActiveCfg = Release|Any CPU
		{5BEB5B1E-42D3-4229-A047-28E05B537E30}.Release|Any CPU.Build.0 = Release|Any CPU
	EndGlobalSection
	GlobalSection(SolutionProperties) = preSolution
		HideSolutionNode = FALSE
	EndGlobalSection
	GlobalSection(ExtensibilityGlobals) = postSolution
		SolutionGuid = {4309C12A-C1A4-493D-B42A-53B4C513C13A}
	EndGlobalSection
EndGlobal
